// !$*UTF8*$!
{
	archiveVersion = 1;
	classes = {
	};
	objectVersion = 46;
	objects = {

/* Begin PBXBuildFile section */
		F466EF961E97D4D400519B17 /* AppDelegate.swift in Sources */ = {isa = PBXBuildFile; fileRef = F466EF951E97D4D400519B17 /* AppDelegate.swift */; };
		F466EF981E97D4D400519B17 /* ViewController.swift in Sources */ = {isa = PBXBuildFile; fileRef = F466EF971E97D4D400519B17 /* ViewController.swift */; };
		F466EF9B1E97D4D400519B17 /* Main.storyboard in Resources */ = {isa = PBXBuildFile; fileRef = F466EF991E97D4D400519B17 /* Main.storyboard */; };
		F466EF9D1E97D4D400519B17 /* Assets.xcassets in Resources */ = {isa = PBXBuildFile; fileRef = F466EF9C1E97D4D400519B17 /* Assets.xcassets */; };
		F466EFA01E97D4D400519B17 /* LaunchScreen.storyboard in Resources */ = {isa = PBXBuildFile; fileRef = F466EF9E1E97D4D400519B17 /* LaunchScreen.storyboard */; };
		F466EFAB1E97D4D500519B17 /* THe_WorldTests.swift in Sources */ = {isa = PBXBuildFile; fileRef = F466EFAA1E97D4D500519B17 /* THe_WorldTests.swift */; };
/* End PBXBuildFile section */

/* Begin PBXContainerItemProxy section */
		F466EFA71E97D4D500519B17 /* PBXContainerItemProxy */ = {
			isa = PBXContainerItemProxy;
			containerPortal = F466EF8A1E97D4D400519B17 /* Project object */;
			proxyType = 1;
			remoteGlobalIDString = F466EF911E97D4D400519B17;
			remoteInfo = "THe World";
		};
/* End PBXContainerItemProxy section */

/* Begin PBXFileReference section */
		F466EF921E97D4D400519B17 /* THe World.app */ = {isa = PBXFileReference; explicitFileType = wrapper.application; includeInIndex = 0; path = "THe World.app"; sourceTree = BUILT_PRODUCTS_DIR; };
		F466EF951E97D4D400519B17 /* AppDelegate.swift */ = {isa = PBXFileReference; lastKnownFileType = sourcecode.swift; path = AppDelegate.swift; sourceTree = "<group>"; };
		F466EF971E97D4D400519B17 /* ViewController.swift */ = {isa = PBXFileReference; lastKnownFileType = sourcecode.swift; path = ViewController.swift; sourceTree = "<group>"; };
		F466EF9A1E97D4D400519B17 /* Base */ = {isa = PBXFileReference; lastKnownFileType = file.storyboard; name = Base; path = Base.lproj/Main.storyboard; sourceTree = "<group>"; };
		F466EF9C1E97D4D400519B17 /* Assets.xcassets */ = {isa = PBXFileReference; lastKnownFileType = folder.assetcatalog; path = Assets.xcassets; sourceTree = "<group>"; };
		F466EF9F1E97D4D400519B17 /* Base */ = {isa = PBXFileReference; lastKnownFileType = file.storyboard; name = Base; path = Base.lproj/LaunchScreen.storyboard; sourceTree = "<group>"; };
		F466EFA11E97D4D400519B17 /* Info.plist */ = {isa = PBXFileReference; lastKnownFileType = text.plist.xml; path = Info.plist; sourceTree = "<group>"; };
		F466EFA61E97D4D500519B17 /* THe WorldTests.xctest */ = {isa = PBXFileReference; explicitFileType = wrapper.cfbundle; includeInIndex = 0; path = "THe WorldTests.xctest"; sourceTree = BUILT_PRODUCTS_DIR; };
		F466EFAA1E97D4D500519B17 /* THe_WorldTests.swift */ = {isa = PBXFileReference; lastKnownFileType = sourcecode.swift; path = THe_WorldTests.swift; sourceTree = "<group>"; };
		F466EFAC1E97D4D500519B17 /* Info.plist */ = {isa = PBXFileReference; lastKnownFileType = text.plist.xml; path = Info.plist; sourceTree = "<group>"; };
/* End PBXFileReference section */

/* Begin PBXFrameworksBuildPhase section */
		F466EF8F1E97D4D400519B17 /* Frameworks */ = {
			isa = PBXFrameworksBuildPhase;
			buildActionMask = 2147483647;
			files = (
			);
			runOnlyForDeploymentPostprocessing = 0;
		};
		F466EFA31E97D4D500519B17 /* Frameworks */ = {
			isa = PBXFrameworksBuildPhase;
			buildActionMask = 2147483647;
			files = (
			);
			runOnlyForDeploymentPostprocessing = 0;
		};
/* End PBXFrameworksBuildPhase section */

/* Begin PBXGroup section */
		F466EF891E97D4D400519B17 = {
			isa = PBXGroup;
			children = (
				F466EF941E97D4D400519B17 /* THe World */,
				F466EFA91E97D4D500519B17 /* THe WorldTests */,
				F466EF931E97D4D400519B17 /* Products */,
			);
			sourceTree = "<group>";
		};
		F466EF931E97D4D400519B17 /* Products */ = {
			isa = PBXGroup;
			children = (
				F466EF921E97D4D400519B17 /* THe World.app */,
				F466EFA61E97D4D500519B17 /* THe WorldTests.xctest */,
			);
			name = Products;
			sourceTree = "<group>";
		};
		F466EF941E97D4D400519B17 /* THe World */ = {
			isa = PBXGroup;
			children = (
				F466EF951E97D4D400519B17 /* AppDelegate.swift */,
				F466EF971E97D4D400519B17 /* ViewController.swift */,
				F466EF991E97D4D400519B17 /* Main.storyboard */,
				F466EF9C1E97D4D400519B17 /* Assets.xcassets */,
				F466EF9E1E97D4D400519B17 /* LaunchScreen.storyboard */,
				F466EFA11E97D4D400519B17 /* Info.plist */,
			);
			path = "THe World";
			sourceTree = "<group>";
		};
		F466EFA91E97D4D500519B17 /* THe WorldTests */ = {
			isa = PBXGroup;
			children = (
				F466EFAA1E97D4D500519B17 /* THe_WorldTests.swift */,
				F466EFAC1E97D4D500519B17 /* Info.plist */,
			);
			path = "THe WorldTests";
			sourceTree = "<group>";
		};
/* End PBXGroup section */

/* Begin PBXNativeTarget section */
		F466EF911E97D4D400519B17 /* THe World */ = {
			isa = PBXNativeTarget;
			buildConfigurationList = F466EFAF1E97D4D500519B17 /* Build configuration list for PBXNativeTarget "THe World" */;
			buildPhases = (
				F466EF8E1E97D4D400519B17 /* Sources */,
				F466EF8F1E97D4D400519B17 /* Frameworks */,
				F466EF901E97D4D400519B17 /* Resources */,
			);
			buildRules = (
			);
			dependencies = (
			);
			name = "THe World";
			productName = "THe World";
			productReference = F466EF921E97D4D400519B17 /* THe World.app */;
			productType = "com.apple.product-type.application";
		};
		F466EFA51E97D4D500519B17 /* THe WorldTests */ = {
			isa = PBXNativeTarget;
			buildConfigurationList = F466EFB21E97D4D500519B17 /* Build configuration list for PBXNativeTarget "THe WorldTests" */;
			buildPhases = (
				F466EFA21E97D4D500519B17 /* Sources */,
				F466EFA31E97D4D500519B17 /* Frameworks */,
				F466EFA41E97D4D500519B17 /* Resources */,
			);
			buildRules = (
			);
			dependencies = (
				F466EFA81E97D4D500519B17 /* PBXTargetDependency */,
			);
			name = "THe WorldTests";
			productName = "THe WorldTests";
			productReference = F466EFA61E97D4D500519B17 /* THe WorldTests.xctest */;
			productType = "com.apple.product-type.bundle.unit-test";
		};
/* End PBXNativeTarget section */

/* Begin PBXProject section */
		F466EF8A1E97D4D400519B17 /* Project object */ = {
			isa = PBXProject;
			attributes = {
				LastSwiftUpdateCheck = 0730;
				LastUpgradeCheck = 0730;
				ORGANIZATIONNAME = "Richards, Brandon S.";
				TargetAttributes = {
					F466EF911E97D4D400519B17 = {
						CreatedOnToolsVersion = 7.3.1;
					};
					F466EFA51E97D4D500519B17 = {
						CreatedOnToolsVersion = 7.3.1;
						TestTargetID = F466EF911E97D4D400519B17;
					};
				};
			};
			buildConfigurationList = F466EF8D1E97D4D400519B17 /* Build configuration list for PBXProject "THe World" */;
			compatibilityVersion = "Xcode 3.2";
			developmentRegion = English;
			hasScannedForEncodings = 0;
			knownRegions = (
				en,
				Base,
			);
			mainGroup = F466EF891E97D4D400519B17;
			productRefGroup = F466EF931E97D4D400519B17 /* Products */;
			projectDirPath = "";
			projectRoot = "";
			targets = (
				F466EF911E97D4D400519B17 /* THe World */,
				F466EFA51E97D4D500519B17 /* THe WorldTests */,
			);
		};
/* End PBXProject section */

/* Begin PBXResourcesBuildPhase section */
		F466EF901E97D4D400519B17 /* Resources */ = {
			isa = PBXResourcesBuildPhase;
			buildActionMask = 2147483647;
			files = (
				F466EFA01E97D4D400519B17 /* LaunchScreen.storyboard in Resources */,
				F466EF9D1E97D4D400519B17 /* Assets.xcassets in Resources */,
				F466EF9B1E97D4D400519B17 /* Main.storyboard in Resources */,
			);
			runOnlyForDeploymentPostprocessing = 0;
		};
		F466EFA41E97D4D500519B17 /* Resources */ = {
			isa = PBXResourcesBuildPhase;
			buildActionMask = 2147483647;
			files = (
			);
			runOnlyForDeploymentPostprocessing = 0;
		};
/* End PBXResourcesBuildPhase section */

/* Begin PBXSourcesBuildPhase section */
		F466EF8E1E97D4D400519B17 /* Sources */ = {
			isa = PBXSourcesBuildPhase;
			buildActionMask = 2147483647;
			files = (
				F466EF981E97D4D400519B17 /* ViewController.swift in Sources */,
				F466EF961E97D4D400519B17 /* AppDelegate.swift in Sources */,
			);
			runOnlyForDeploymentPostprocessing = 0;
		};
		F466EFA21E97D4D500519B17 /* Sources */ = {
			isa = PBXSourcesBuildPhase;
			buildActionMask = 2147483647;
			files = (
				F466EFAB1E97D4D500519B17 /* THe_WorldTests.swift in Sources */,
			);
			runOnlyForDeploymentPostprocessing = 0;
		};
/* End PBXSourcesBuildPhase section */

/* Begin PBXTargetDependency section */
		F466EFA81E97D4D500519B17 /* PBXTargetDependency */ = {
			isa = PBXTargetDependency;
			target = F466EF911E97D4D400519B17 /* THe World */;
			targetProxy = F466EFA71E97D4D500519B17 /* PBXContainerItemProxy */;
		};
/* End PBXTargetDependency section */

/* Begin PBXVariantGroup section */
		F466EF991E97D4D400519B17 /* Main.storyboard */ = {
			isa = PBXVariantGroup;
			children = (
				F466EF9A1E97D4D400519B17 /* Base */,
			);
			name = Main.storyboard;
			sourceTree = "<group>";
		};
		F466EF9E1E97D4D400519B17 /* LaunchScreen.storyboard */ = {
			isa = PBXVariantGroup;
			children = (
				F466EF9F1E97D4D400519B17 /* Base */,
			);
			name = LaunchScreen.storyboard;
			sourceTree = "<group>";
		};
/* End PBXVariantGroup section */

/* Begin XCBuildConfiguration section */
		F466EFAD1E97D4D500519B17 /* Debug */ = {
			isa = XCBuildConfiguration;
			buildSettings = {
				ALWAYS_SEARCH_USER_PATHS = NO;
				CLANG_ANALYZER_NONNULL = YES;
				CLANG_CXX_LANGUAGE_STANDARD = "gnu++0x";
				CLANG_CXX_LIBRARY = "libc++";
				CLANG_ENABLE_MODULES = YES;
				CLANG_ENABLE_OBJC_ARC = YES;
				CLANG_WARN_BOOL_CONVERSION = YES;
				CLANG_WARN_CONSTANT_CONVERSION = YES;
				CLANG_WARN_DIRECT_OBJC_ISA_USAGE = YES_ERROR;
				CLANG_WARN_EMPTY_BODY = YES;
				CLANG_WARN_ENUM_CONVERSION = YES;
				CLANG_WARN_INT_CONVERSION = YES;
				CLANG_WARN_OBJC_ROOT_CLASS = YES_ERROR;
				CLANG_WARN_UNREACHABLE_CODE = YES;
				CLANG_WARN__DUPLICATE_METHOD_MATCH = YES;
				"CODE_SIGN_IDENTITY[sdk=iphoneos*]" = "iPhone Developer";
				COPY_PHASE_STRIP = NO;
				DEBUG_INFORMATION_FORMAT = dwarf;
				ENABLE_STRICT_OBJC_MSGSEND = YES;
				ENABLE_TESTABILITY = YES;
				GCC_C_LANGUAGE_STANDARD = gnu99;
				GCC_DYNAMIC_NO_PIC = NO;
				GCC_NO_COMMON_BLOCKS = YES;
				GCC_OPTIMIZATION_LEVEL = 0;
				GCC_PREPROCESSOR_DEFINITIONS = (
					"DEBUG=1",
					"$(inherited)",
				);
				GCC_WARN_64_TO_32_BIT_CONVERSION = YES;
				GCC_WARN_ABOUT_RETURN_TYPE = YES_ERROR;
				GCC_WARN_UNDECLARED_SELECTOR = YES;
				GCC_WARN_UNINITIALIZED_AUTOS = YES_AGGRESSIVE;
				GCC_WARN_UNUSED_FUNCTION = YES;
				GCC_WARN_UNUSED_VARIABLE = YES;
				IPHONEOS_DEPLOYMENT_TARGET = 9.3;
				MTL_ENABLE_DEBUG_INFO = YES;
				ONLY_ACTIVE_ARCH = YES;
				SDKROOT = iphoneos;
				SWIFT_OPTIMIZATION_LEVEL = "-Onone";
				TARGETED_DEVICE_FAMILY = "1,2";
			};
			name = Debug;
		};
		F466EFAE1E97D4D500519B17 /* Release */ = {
			isa = XCBuildConfiguration;
			buildSettings = {
				ALWAYS_SEARCH_USER_PATHS = NO;
				CLANG_ANALYZER_NONNULL = YES;
				CLANG_CXX_LANGUAGE_STANDARD = "gnu++0x";
				CLANG_CXX_LIBRARY = "libc++";
				CLANG_ENABLE_MODULES = YES;
				CLANG_ENABLE_OBJC_ARC = YES;
				CLANG_WARN_BOOL_CONVERSION = YES;
				CLANG_WARN_CONSTANT_CONVERSION = YES;
				CLANG_WARN_DIRECT_OBJC_ISA_USAGE = YES_ERROR;
				CLANG_WARN_EMPTY_BODY = YES;
				CLANG_WARN_ENUM_CONVERSION = YES;
				CLANG_WARN_INT_CONVERSION = YES;
				CLANG_WARN_OBJC_ROOT_CLASS = YES_ERROR;
				CLANG_WARN_UNREACHABLE_CODE = YES;
				CLANG_WARN__DUPLICATE_METHOD_MATCH = YES;
				"CODE_SIGN_IDENTITY[sdk=iphoneos*]" = "iPhone Developer";
				COPY_PHASE_STRIP = NO;
				DEBUG_INFORMATION_FORMAT = "dwarf-with-dsym";
				ENABLE_NS_ASSERTIONS = NO;
				ENABLE_STRICT_OBJC_MSGSEND = YES;
				GCC_C_LANGUAGE_STANDARD = gnu99;
				GCC_NO_COMMON_BLOCKS = YES;
				GCC_WARN_64_TO_32_BIT_CONVERSION = YES;
				GCC_WARN_ABOUT_RETURN_TYPE = YES_ERROR;
				GCC_WARN_UNDECLARED_SELECTOR = YES;
				GCC_WARN_UNINITIALIZED_AUTOS = YES_AGGRESSIVE;
				GCC_WARN_UNUSED_FUNCTION = YES;
				GCC_WARN_UNUSED_VARIABLE = YES;
				IPHONEOS_DEPLOYMENT_TARGET = 9.3;
				MTL_ENABLE_DEBUG_INFO = NO;
				SDKROOT = iphoneos;
				TARGETED_DEVICE_FAMILY = "1,2";
				VALIDATE_PRODUCT = YES;
			};
			name = Release;
		};
		F466EFB01E97D4D500519B17 /* Debug */ = {
			isa = XCBuildConfiguration;
			buildSettings = {
				ASSETCATALOG_COMPILER_APPICON_NAME = AppIcon;
				INFOPLIST_FILE = "THe World/Info.plist";
				LD_RUNPATH_SEARCH_PATHS = "$(inherited) @executable_path/Frameworks";
				PRODUCT_BUNDLE_IDENTIFIER = "BSR.THe-World";
				PRODUCT_NAME = "$(TARGET_NAME)";
			};
			name = Debug;
		};
		F466EFB11E97D4D500519B17 /* Release */ = {
			isa = XCBuildConfiguration;
			buildSettings = {
				ASSETCATALOG_COMPILER_APPICON_NAME = AppIcon;
				INFOPLIST_FILE = "THe World/Info.plist";
				LD_RUNPATH_SEARCH_PATHS = "$(inherited) @executable_path/Frameworks";
				PRODUCT_BUNDLE_IDENTIFIER = "BSR.THe-World";
				PRODUCT_NAME = "$(TARGET_NAME)";
			};
			name = Release;
		};
		F466EFB31E97D4D500519B17 /* Debug */ = {
			isa = XCBuildConfiguration;
			buildSettings = {
				BUNDLE_LOADER = "$(TEST_HOST)";
				INFOPLIST_FILE = "THe WorldTests/Info.plist";
				LD_RUNPATH_SEARCH_PATHS = "$(inherited) @executable_path/Frameworks @loader_path/Frameworks";
				PRODUCT_BUNDLE_IDENTIFIER = "BSR.THe-WorldTests";
				PRODUCT_NAME = "$(TARGET_NAME)";
				TEST_HOST = "$(BUILT_PRODUCTS_DIR)/THe World.app/THe World";
			};
			name = Debug;
		};
		F466EFB41E97D4D500519B17 /* Release */ = {
			isa = XCBuildConfiguration;
			buildSettings = {
				BUNDLE_LOADER = "$(TEST_HOST)";
				INFOPLIST_FILE = "THe WorldTests/Info.plist";
				LD_RUNPATH_SEARCH_PATHS = "$(inherited) @executable_path/Frameworks @loader_path/Frameworks";
				PRODUCT_BUNDLE_IDENTIFIER = "BSR.THe-WorldTests";
				PRODUCT_NAME = "$(TARGET_NAME)";
				TEST_HOST = "$(BUILT_PRODUCTS_DIR)/THe World.app/THe World";
			};
			name = Release;
		};
/* End XCBuildConfiguration section */

/* Begin XCConfigurationList section */
		F466EF8D1E97D4D400519B17 /* Build configuration list for PBXProject "THe World" */ = {
			isa = XCConfigurationList;
			buildConfigurations = (
				F466EFAD1E97D4D500519B17 /* Debug */,
				F466EFAE1E97D4D500519B17 /* Release */,
			);
			defaultConfigurationIsVisible = 0;
			defaultConfigurationName = Release;
		};
		F466EFAF1E97D4D500519B17 /* Build configuration list for PBXNativeTarget "THe World" */ = {
			isa = XCConfigurationList;
			buildConfigurations = (
				F466EFB01E97D4D500519B17 /* Debug */,
				F466EFB11E97D4D500519B17 /* Release */,
			);
			defaultConfigurationIsVisible = 0;
		};
		F466EFB21E97D4D500519B17 /* Build configuration list for PBXNativeTarget "THe WorldTests" */ = {
			isa = XCConfigurationList;
			buildConfigurations = (
				F466EFB31E97D4D500519B17 /* Debug */,
				F466EFB41E97D4D500519B17 /* Release */,
			);
			defaultConfigurationIsVisible = 0;
		};
/* End XCConfigurationList section */
	};
	rootObject = F466EF8A1E97D4D400519B17 /* Project object */;
}
